{
  "version": 4,
  "terraform_version": "1.4.6",
  "serial": 82,
  "lineage": "249f2e7d-5e63-b5eb-bb1d-fc534327170f",
  "outputs": {},
  "resources": [
    {
      "mode": "data",
      "type": "azurerm_client_config",
      "name": "current",
      "provider": "provider[\"registry.terraform.io/hashicorp/azurerm\"]",
      "instances": [
        {
          "schema_version": 0,
          "attributes": {
            "client_id": "19028aa5-7c3c-4ac6-bea0-c83d1e75e108",
            "id": "2023-05-08 17:03:26.1991077 +0000 UTC",
            "object_id": "5ec87f5c-0275-4971-9530-e7c3a8866a74",
            "subscription_id": "532be1df-467f-473c-b132-a27fe547bebc",
            "tenant_id": "b71e26ba-34b1-4cde-8b57-23ad2d00602e",
            "timeouts": null
          },
          "sensitive_attributes": []
        }
      ]
    },
    {
      "mode": "managed",
      "type": "azurerm_resource_group",
      "name": "client_4i",
      "provider": "provider[\"registry.terraform.io/hashicorp/azurerm\"]",
      "instances": [
        {
          "schema_version": 0,
          "attributes": {
            "id": "/subscriptions/532be1df-467f-473c-b132-a27fe547bebc/resourceGroups/rg-adelmar-stg",
            "location": "brazilsouth",
            "name": "rg-adelmar-stg",
            "tags": {
              "client": "adelmar",
              "environment": "stg"
            },
            "timeouts": null
          },
          "sensitive_attributes": [],
          "private": "eyJlMmJmYjczMC1lY2FhLTExZTYtOGY4OC0zNDM2M2JjN2M0YzAiOnsiY3JlYXRlIjo1NDAwMDAwMDAwMDAwLCJkZWxldGUiOjU0MDAwMDAwMDAwMDAsInJlYWQiOjMwMDAwMDAwMDAwMCwidXBkYXRlIjo1NDAwMDAwMDAwMDAwfX0="
        }
      ]
    },
    {
      "mode": "managed",
      "type": "azurerm_storage_account",
      "name": "storage_account",
      "provider": "provider[\"registry.terraform.io/hashicorp/azurerm\"]",
      "instances": [
        {
          "schema_version": 2,
          "attributes": {
            "access_tier": "Hot",
            "account_kind": "StorageV2",
            "account_replication_type": "LRS",
            "account_tier": "Standard",
            "allow_blob_public_access": false,
            "azure_files_authentication": [],
            "blob_properties": [
              {
                "change_feed_enabled": false,
                "container_delete_retention_policy": [],
                "cors_rule": [],
                "default_service_version": "",
                "delete_retention_policy": [],
                "last_access_time_enabled": false,
                "versioning_enabled": false
              }
            ],
            "custom_domain": [],
            "customer_managed_key": [],
            "enable_https_traffic_only": true,
            "id": "/subscriptions/532be1df-467f-473c-b132-a27fe547bebc/resourceGroups/rg-adelmar-stg/providers/Microsoft.Storage/storageAccounts/saadelmarstg",
            "identity": [],
            "infrastructure_encryption_enabled": false,
            "is_hns_enabled": false,
            "large_file_share_enabled": null,
            "location": "brazilsouth",
            "min_tls_version": "TLS1_0",
            "name": "saadelmarstg",
            "network_rules": [
              {
                "bypass": [
                  "AzureServices"
                ],
                "default_action": "Allow",
                "ip_rules": [],
                "private_link_access": [],
                "virtual_network_subnet_ids": []
              }
            ],
            "nfsv3_enabled": false,
            "primary_access_key": "6sGEeWvXIyymMN9grNUFssa5FOuZNcvBVlN5I8khYjLKOIeeuypSX5vcfAzkr80kvUno38aeW/4F+AStbVUFkQ==",
            "primary_blob_connection_string": "DefaultEndpointsProtocol=https;BlobEndpoint=https://saadelmarstg.blob.core.windows.net/;AccountName=saadelmarstg;AccountKey=6sGEeWvXIyymMN9grNUFssa5FOuZNcvBVlN5I8khYjLKOIeeuypSX5vcfAzkr80kvUno38aeW/4F+AStbVUFkQ==",
            "primary_blob_endpoint": "https://saadelmarstg.blob.core.windows.net/",
            "primary_blob_host": "saadelmarstg.blob.core.windows.net",
            "primary_connection_string": "DefaultEndpointsProtocol=https;AccountName=saadelmarstg;AccountKey=6sGEeWvXIyymMN9grNUFssa5FOuZNcvBVlN5I8khYjLKOIeeuypSX5vcfAzkr80kvUno38aeW/4F+AStbVUFkQ==;EndpointSuffix=core.windows.net",
            "primary_dfs_endpoint": "https://saadelmarstg.dfs.core.windows.net/",
            "primary_dfs_host": "saadelmarstg.dfs.core.windows.net",
            "primary_file_endpoint": "https://saadelmarstg.file.core.windows.net/",
            "primary_file_host": "saadelmarstg.file.core.windows.net",
            "primary_location": "brazilsouth",
            "primary_queue_endpoint": "https://saadelmarstg.queue.core.windows.net/",
            "primary_queue_host": "saadelmarstg.queue.core.windows.net",
            "primary_table_endpoint": "https://saadelmarstg.table.core.windows.net/",
            "primary_table_host": "saadelmarstg.table.core.windows.net",
            "primary_web_endpoint": "https://saadelmarstg.z15.web.core.windows.net/",
            "primary_web_host": "saadelmarstg.z15.web.core.windows.net",
            "queue_encryption_key_type": "Service",
            "queue_properties": [
              {
                "cors_rule": [],
                "hour_metrics": [
                  {
                    "enabled": true,
                    "include_apis": true,
                    "retention_policy_days": 7,
                    "version": "1.0"
                  }
                ],
                "logging": [
                  {
                    "delete": false,
                    "read": false,
                    "retention_policy_days": 0,
                    "version": "1.0",
                    "write": false
                  }
                ],
                "minute_metrics": [
                  {
                    "enabled": false,
                    "include_apis": false,
                    "retention_policy_days": 0,
                    "version": "1.0"
                  }
                ]
              }
            ],
            "resource_group_name": "rg-adelmar-stg",
            "routing": [],
            "secondary_access_key": "A8UZiE/Rtyo0AjlFm7WRA/mGDiUgoQvbNYGT6R8JIUkILlXN2uVHffeh1iBX2qeVMW5KrLapk7hF+AStGDP4Bg==",
            "secondary_blob_connection_string": "",
            "secondary_blob_endpoint": null,
            "secondary_blob_host": null,
            "secondary_connection_string": "DefaultEndpointsProtocol=https;AccountName=saadelmarstg;AccountKey=A8UZiE/Rtyo0AjlFm7WRA/mGDiUgoQvbNYGT6R8JIUkILlXN2uVHffeh1iBX2qeVMW5KrLapk7hF+AStGDP4Bg==;EndpointSuffix=core.windows.net",
            "secondary_dfs_endpoint": null,
            "secondary_dfs_host": null,
            "secondary_file_endpoint": null,
            "secondary_file_host": null,
            "secondary_location": "",
            "secondary_queue_endpoint": null,
            "secondary_queue_host": null,
            "secondary_table_endpoint": null,
            "secondary_table_host": null,
            "secondary_web_endpoint": null,
            "secondary_web_host": null,
            "share_properties": [
              {
                "cors_rule": [],
                "retention_policy": [
                  {
                    "days": 7
                  }
                ],
                "smb": []
              }
            ],
            "shared_access_key_enabled": true,
            "static_website": [],
            "table_encryption_key_type": "Service",
            "tags": {
              "client": "adelmar",
              "environment": "stg"
            },
            "timeouts": null
          },
          "sensitive_attributes": [],
          "private": "eyJlMmJmYjczMC1lY2FhLTExZTYtOGY4OC0zNDM2M2JjN2M0YzAiOnsiY3JlYXRlIjozNjAwMDAwMDAwMDAwLCJkZWxldGUiOjM2MDAwMDAwMDAwMDAsInJlYWQiOjMwMDAwMDAwMDAwMCwidXBkYXRlIjozNjAwMDAwMDAwMDAwfSwic2NoZW1hX3ZlcnNpb24iOiIyIn0=",
          "dependencies": [
            "azurerm_resource_group.client_4i"
          ]
        }
      ]
    },
    {
      "mode": "managed",
      "type": "azurerm_storage_data_lake_gen2_filesystem",
      "name": "storage_dl",
      "provider": "provider[\"registry.terraform.io/hashicorp/azurerm\"]",
      "instances": [
        {
          "schema_version": 0,
          "attributes": {
            "ace": [],
            "group": "",
            "id": "https://saadelmarstg.dfs.core.windows.net/st-adelmar-stg",
            "name": "st-adelmar-stg",
            "owner": "",
            "properties": null,
            "storage_account_id": "/subscriptions/532be1df-467f-473c-b132-a27fe547bebc/resourceGroups/rg-adelmar-stg/providers/Microsoft.Storage/storageAccounts/saadelmarstg",
            "timeouts": null
          },
          "sensitive_attributes": [],
          "private": "eyJlMmJmYjczMC1lY2FhLTExZTYtOGY4OC0zNDM2M2JjN2M0YzAiOnsiY3JlYXRlIjoxODAwMDAwMDAwMDAwLCJkZWxldGUiOjE4MDAwMDAwMDAwMDAsInJlYWQiOjMwMDAwMDAwMDAwMCwidXBkYXRlIjoxODAwMDAwMDAwMDAwfX0=",
          "dependencies": [
            "azurerm_resource_group.client_4i",
            "azurerm_storage_account.storage_account"
          ]
        }
      ]
    },
    {
      "mode": "managed",
      "type": "azurerm_synapse_spark_pool",
      "name": "sparkpool",
      "provider": "provider[\"registry.terraform.io/hashicorp/azurerm\"]",
      "instances": [
        {
          "schema_version": 0,
          "attributes": {
            "auto_pause": [
              {
                "delay_in_minutes": 8
              }
            ],
            "auto_scale": [
              {
                "max_node_count": 3,
                "min_node_count": 3
              }
            ],
            "cache_size": 0,
            "compute_isolation_enabled": false,
            "dynamic_executor_allocation_enabled": false,
            "id": "/subscriptions/532be1df-467f-473c-b132-a27fe547bebc/resourceGroups/rg-adelmar-stg/providers/Microsoft.Synapse/workspaces/ws-adelmar-stg/bigDataPools/spkadelmarstg",
            "library_requirement": [
              {
                "content": "appnope==0.1.0\r\nbeautifulsoup4==4.6.3\r\n",
                "filename": "requirements.txt"
              }
            ],
            "name": "spkadelmarstg",
            "node_count": 0,
            "node_size": "Small",
            "node_size_family": "MemoryOptimized",
            "session_level_packages_enabled": false,
            "spark_config": [
              {
                "content": "spark.shuffle.spill                true\r\n",
                "filename": "config.txt"
              }
            ],
            "spark_events_folder": "/events",
            "spark_log_folder": "/logs",
            "spark_version": "2.4",
            "synapse_workspace_id": "/subscriptions/532be1df-467f-473c-b132-a27fe547bebc/resourceGroups/rg-adelmar-stg/providers/Microsoft.Synapse/workspaces/ws-adelmar-stg",
            "tags": {
              "client": "adelmar",
              "environment": "stg"
            },
            "timeouts": null
          },
          "sensitive_attributes": [],
          "private": "eyJlMmJmYjczMC1lY2FhLTExZTYtOGY4OC0zNDM2M2JjN2M0YzAiOnsiY3JlYXRlIjoxODAwMDAwMDAwMDAwLCJkZWxldGUiOjE4MDAwMDAwMDAwMDAsInJlYWQiOjMwMDAwMDAwMDAwMCwidXBkYXRlIjoxODAwMDAwMDAwMDAwfX0=",
          "dependencies": [
            "azurerm_resource_group.client_4i",
            "azurerm_storage_account.storage_account",
            "azurerm_storage_data_lake_gen2_filesystem.storage_dl",
            "azurerm_synapse_workspace.workspace",
            "data.azurerm_client_config.current"
          ]
        }
      ]
    },
    {
      "mode": "managed",
      "type": "azurerm_synapse_workspace",
      "name": "workspace",
      "provider": "provider[\"registry.terraform.io/hashicorp/azurerm\"]",
      "instances": [
        {
          "schema_version": 0,
          "attributes": {
            "aad_admin": [
              {
                "login": "AzureAD Admin",
                "object_id": "5ec87f5c-0275-4971-9530-e7c3a8866a74",
                "tenant_id": "b71e26ba-34b1-4cde-8b57-23ad2d00602e"
              }
            ],
            "azure_devops_repo": [],
            "compute_subnet_id": null,
            "connectivity_endpoints": {
              "dev": "https://ws-adelmar-stg.dev.azuresynapse.net",
              "sql": "ws-adelmar-stg.sql.azuresynapse.net",
              "sqlOnDemand": "ws-adelmar-stg-ondemand.sql.azuresynapse.net",
              "web": "https://web.azuresynapse.net?workspace=%2fsubscriptions%2f532be1df-467f-473c-b132-a27fe547bebc%2fresourceGroups%2frg-adelmar-stg%2fproviders%2fMicrosoft.Synapse%2fworkspaces%2fws-adelmar-stg"
            },
            "customer_managed_key": [],
            "data_exfiltration_protection_enabled": null,
            "github_repo": [],
            "id": "/subscriptions/532be1df-467f-473c-b132-a27fe547bebc/resourceGroups/rg-adelmar-stg/providers/Microsoft.Synapse/workspaces/ws-adelmar-stg",
            "identity": [
              {
                "principal_id": "70226da5-628f-4207-b671-93dab3010332",
                "tenant_id": "b71e26ba-34b1-4cde-8b57-23ad2d00602e",
                "type": "SystemAssigned"
              }
            ],
            "linking_allowed_for_aad_tenant_ids": null,
            "location": "brazilsouth",
            "managed_resource_group_name": "synapseworkspace-managedrg-1af047ff-72ad-4e7f-81f9-ad57ab064256",
            "managed_virtual_network_enabled": false,
            "name": "ws-adelmar-stg",
            "public_network_access_enabled": true,
            "purview_id": null,
            "resource_group_name": "rg-adelmar-stg",
            "sql_aad_admin": [
              {
                "login": "AzureAD Admin",
                "object_id": "5ec87f5c-0275-4971-9530-e7c3a8866a74",
                "tenant_id": "b71e26ba-34b1-4cde-8b57-23ad2d00602e"
              }
            ],
            "sql_administrator_login": "admin4i",
            "sql_administrator_login_password": "P@ssw0rd",
            "sql_identity_control_enabled": false,
            "storage_data_lake_gen2_filesystem_id": "https://saadelmarstg.dfs.core.windows.net/st-adelmar-stg",
            "tags": {
              "client": "adelmar",
              "environment": "stg"
            },
            "timeouts": null
          },
          "sensitive_attributes": [],
          "private": "eyJlMmJmYjczMC1lY2FhLTExZTYtOGY4OC0zNDM2M2JjN2M0YzAiOnsiY3JlYXRlIjoxODAwMDAwMDAwMDAwLCJkZWxldGUiOjE4MDAwMDAwMDAwMDAsInJlYWQiOjMwMDAwMDAwMDAwMCwidXBkYXRlIjoxODAwMDAwMDAwMDAwfX0=",
          "dependencies": [
            "azurerm_resource_group.client_4i",
            "azurerm_storage_account.storage_account",
            "azurerm_storage_data_lake_gen2_filesystem.storage_dl",
            "data.azurerm_client_config.current"
          ]
        }
      ]
    },
    {
      "mode": "managed",
      "type": "null_resource",
      "name": "test-setting-variables",
      "provider": "provider[\"registry.terraform.io/hashicorp/null\"]",
      "instances": [
        {
          "schema_version": 0,
          "attributes": {
            "id": "1753092765",
            "triggers": null
          },
          "sensitive_attributes": []
        }
      ]
    }
  ],
  "check_results": null
}
